
Microsoft Visual Studio Solution File, Format Version 12.00
# Visual Studio Version 17
VisualStudioVersion = 17.0.31903.59
MinimumVisualStudioVersion = 10.0.40219.1
Project("{2150E333-8FDC-42A3-9474-1A3956D46DE8}") = "src", "src", "{B5EDC519-9C17-4C3C-AF5D-629721236B1F}"
EndProject
Project("{FAE04EC0-301F-11D3-BF4B-00C04F79EFBC}") = "Univali.Api", "src\Univali.Api\Univali.Api.csproj", "{405E1A90-74D4-4F94-87D4-8B6E84B97C77}"
EndProject
Global
	GlobalSection(SolutionConfigurationPlatforms) = preSolution
		Debug|Any CPU = Debug|Any CPU
		Release|Any CPU = Release|Any CPU
	EndGlobalSection
	GlobalSection(SolutionProperties) = preSolution
		HideSolutionNode = FALSE
	EndGlobalSection
	GlobalSection(ProjectConfigurationPlatforms) = postSolution
		{405E1A90-74D4-4F94-87D4-8B6E84B97C77}.Debug|Any CPU.ActiveCfg = Debug|Any CPU
		{405E1A90-74D4-4F94-87D4-8B6E84B97C77}.Debug|Any CPU.Build.0 = Debug|Any CPU
		{405E1A90-74D4-4F94-87D4-8B6E84B97C77}.Release|Any CPU.ActiveCfg = Release|Any CPU
		{405E1A90-74D4-4F94-87D4-8B6E84B97C77}.Release|Any CPU.Build.0 = Release|Any CPU
	EndGlobalSection
	GlobalSection(NestedProjects) = preSolution
		{405E1A90-74D4-4F94-87D4-8B6E84B97C77} = {B5EDC519-9C17-4C3C-AF5D-629721236B1F}
	EndGlobalSection
EndGlobal
